# This file is automatically @generated by Poetry 1.7.1 and should not be changed by hand.

[[package]]
name = "aioprocessing"
version = "2.0.1"
description = "A Python 3.5+ library that integrates the multiprocessing module with asyncio."
optional = false
python-versions = ">=3.5"
files = [
    {file = "aioprocessing-2.0.1-py3-none-any.whl", hash = "sha256:8fcac4b0108b72eb9df76e06a9d7e05720ee1e8330829d3fd53fa059879be586"},
    {file = "aioprocessing-2.0.1.tar.gz", hash = "sha256:fe01c7b1a38c78168611d3040e73d93036c3b7c8a649d636dc9ed7a3bc9b1ba2"},
]

[package.extras]
dill = ["multiprocess"]

[[package]]
name = "async-timeout"
version = "4.0.3"
description = "Timeout context manager for asyncio programs"
optional = false
python-versions = ">=3.7"
files = [
    {file = "async-timeout-4.0.3.tar.gz", hash = "sha256:4640d96be84d82d02ed59ea2b7105a0f7b33abe8703703cd0ab0bf87c427522f"},
    {file = "async_timeout-4.0.3-py3-none-any.whl", hash = "sha256:7405140ff1230c310e51dc27b3145b9092d659ce68ff733fb0cefe3ee42be028"},
]

[[package]]
name = "asyncpg"
version = "0.29.0"
description = "An asyncio PostgreSQL driver"
optional = false
python-versions = ">=3.8.0"
files = [
    {file = "asyncpg-0.29.0-cp310-cp310-macosx_10_9_x86_64.whl", hash = "sha256:72fd0ef9f00aeed37179c62282a3d14262dbbafb74ec0ba16e1b1864d8a12169"},
    {file = "asyncpg-0.29.0-cp310-cp310-macosx_11_0_arm64.whl", hash = "sha256:52e8f8f9ff6e21f9b39ca9f8e3e33a5fcdceaf5667a8c5c32bee158e313be385"},
    {file = "asyncpg-0.29.0-cp310-cp310-manylinux_2_17_aarch64.manylinux2014_aarch64.whl", hash = "sha256:a9e6823a7012be8b68301342ba33b4740e5a166f6bbda0aee32bc01638491a22"},
    {file = "asyncpg-0.29.0-cp310-cp310-manylinux_2_17_x86_64.manylinux2014_x86_64.whl", hash = "sha256:746e80d83ad5d5464cfbf94315eb6744222ab00aa4e522b704322fb182b83610"},
    {file = "asyncpg-0.29.0-cp310-cp310-musllinux_1_1_aarch64.whl", hash = "sha256:ff8e8109cd6a46ff852a5e6bab8b0a047d7ea42fcb7ca5ae6eaae97d8eacf397"},
    {file = "asyncpg-0.29.0-cp310-cp310-musllinux_1_1_x86_64.whl", hash = "sha256:97eb024685b1d7e72b1972863de527c11ff87960837919dac6e34754768098eb"},
    {file = "asyncpg-0.29.0-cp310-cp310-win32.whl", hash = "sha256:5bbb7f2cafd8d1fa3e65431833de2642f4b2124be61a449fa064e1a08d27e449"},
    {file = "asyncpg-0.29.0-cp310-cp310-win_amd64.whl", hash = "sha256:76c3ac6530904838a4b650b2880f8e7af938ee049e769ec2fba7cd66469d7772"},
    {file = "asyncpg-0.29.0-cp311-cp311-macosx_10_9_x86_64.whl", hash = "sha256:d4900ee08e85af01adb207519bb4e14b1cae8fd21e0ccf80fac6aa60b6da37b4"},
    {file = "asyncpg-0.29.0-cp311-cp311-macosx_11_0_arm64.whl", hash = "sha256:a65c1dcd820d5aea7c7d82a3fdcb70e096f8f70d1a8bf93eb458e49bfad036ac"},
    {file = "asyncpg-0.29.0-cp311-cp311-manylinux_2_17_aarch64.manylinux2014_aarch64.whl", hash = "sha256:5b52e46f165585fd6af4863f268566668407c76b2c72d366bb8b522fa66f1870"},
    {file = "asyncpg-0.29.0-cp311-cp311-manylinux_2_17_x86_64.manylinux2014_x86_64.whl", hash = "sha256:dc600ee8ef3dd38b8d67421359779f8ccec30b463e7aec7ed481c8346decf99f"},
    {file = "asyncpg-0.29.0-cp311-cp311-musllinux_1_1_aarch64.whl", hash = "sha256:039a261af4f38f949095e1e780bae84a25ffe3e370175193174eb08d3cecab23"},
    {file = "asyncpg-0.29.0-cp311-cp311-musllinux_1_1_x86_64.whl", hash = "sha256:6feaf2d8f9138d190e5ec4390c1715c3e87b37715cd69b2c3dfca616134efd2b"},
    {file = "asyncpg-0.29.0-cp311-cp311-win32.whl", hash = "sha256:1e186427c88225ef730555f5fdda6c1812daa884064bfe6bc462fd3a71c4b675"},
    {file = "asyncpg-0.29.0-cp311-cp311-win_amd64.whl", hash = "sha256:cfe73ffae35f518cfd6e4e5f5abb2618ceb5ef02a2365ce64f132601000587d3"},
    {file = "asyncpg-0.29.0-cp312-cp312-macosx_10_9_x86_64.whl", hash = "sha256:6011b0dc29886ab424dc042bf9eeb507670a3b40aece3439944006aafe023178"},
    {file = "asyncpg-0.29.0-cp312-cp312-macosx_11_0_arm64.whl", hash = "sha256:b544ffc66b039d5ec5a7454667f855f7fec08e0dfaf5a5490dfafbb7abbd2cfb"},
    {file = "asyncpg-0.29.0-cp312-cp312-manylinux_2_17_aarch64.manylinux2014_aarch64.whl", hash = "sha256:d84156d5fb530b06c493f9e7635aa18f518fa1d1395ef240d211cb563c4e2364"},
    {file = "asyncpg-0.29.0-cp312-cp312-manylinux_2_17_x86_64.manylinux2014_x86_64.whl", hash = "sha256:54858bc25b49d1114178d65a88e48ad50cb2b6f3e475caa0f0c092d5f527c106"},
    {file = "asyncpg-0.29.0-cp312-cp312-musllinux_1_1_aarch64.whl", hash = "sha256:bde17a1861cf10d5afce80a36fca736a86769ab3579532c03e45f83ba8a09c59"},
    {file = "asyncpg-0.29.0-cp312-cp312-musllinux_1_1_x86_64.whl", hash = "sha256:37a2ec1b9ff88d8773d3eb6d3784dc7e3fee7756a5317b67f923172a4748a175"},
    {file = "asyncpg-0.29.0-cp312-cp312-win32.whl", hash = "sha256:bb1292d9fad43112a85e98ecdc2e051602bce97c199920586be83254d9dafc02"},
    {file = "asyncpg-0.29.0-cp312-cp312-win_amd64.whl", hash = "sha256:2245be8ec5047a605e0b454c894e54bf2ec787ac04b1cb7e0d3c67aa1e32f0fe"},
    {file = "asyncpg-0.29.0-cp38-cp38-macosx_10_9_x86_64.whl", hash = "sha256:0009a300cae37b8c525e5b449233d59cd9868fd35431abc470a3e364d2b85cb9"},
    {file = "asyncpg-0.29.0-cp38-cp38-macosx_11_0_arm64.whl", hash = "sha256:5cad1324dbb33f3ca0cd2074d5114354ed3be2b94d48ddfd88af75ebda7c43cc"},
    {file = "asyncpg-0.29.0-cp38-cp38-manylinux_2_17_aarch64.manylinux2014_aarch64.whl", hash = "sha256:012d01df61e009015944ac7543d6ee30c2dc1eb2f6b10b62a3f598beb6531548"},
    {file = "asyncpg-0.29.0-cp38-cp38-manylinux_2_17_x86_64.manylinux2014_x86_64.whl", hash = "sha256:000c996c53c04770798053e1730d34e30cb645ad95a63265aec82da9093d88e7"},
    {file = "asyncpg-0.29.0-cp38-cp38-musllinux_1_1_aarch64.whl", hash = "sha256:e0bfe9c4d3429706cf70d3249089de14d6a01192d617e9093a8e941fea8ee775"},
    {file = "asyncpg-0.29.0-cp38-cp38-musllinux_1_1_x86_64.whl", hash = "sha256:642a36eb41b6313ffa328e8a5c5c2b5bea6ee138546c9c3cf1bffaad8ee36dd9"},
    {file = "asyncpg-0.29.0-cp38-cp38-win32.whl", hash = "sha256:a921372bbd0aa3a5822dd0409da61b4cd50df89ae85150149f8c119f23e8c408"},
    {file = "asyncpg-0.29.0-cp38-cp38-win_amd64.whl", hash = "sha256:103aad2b92d1506700cbf51cd8bb5441e7e72e87a7b3a2ca4e32c840f051a6a3"},
    {file = "asyncpg-0.29.0-cp39-cp39-macosx_10_9_x86_64.whl", hash = "sha256:5340dd515d7e52f4c11ada32171d87c05570479dc01dc66d03ee3e150fb695da"},
    {file = "asyncpg-0.29.0-cp39-cp39-macosx_11_0_arm64.whl", hash = "sha256:e17b52c6cf83e170d3d865571ba574577ab8e533e7361a2b8ce6157d02c665d3"},
    {file = "asyncpg-0.29.0-cp39-cp39-manylinux_2_17_aarch64.manylinux2014_aarch64.whl", hash = "sha256:f100d23f273555f4b19b74a96840aa27b85e99ba4b1f18d4ebff0734e78dc090"},
    {file = "asyncpg-0.29.0-cp39-cp39-manylinux_2_17_x86_64.manylinux2014_x86_64.whl", hash = "sha256:48e7c58b516057126b363cec8ca02b804644fd012ef8e6c7e23386b7d5e6ce83"},
    {file = "asyncpg-0.29.0-cp39-cp39-musllinux_1_1_aarch64.whl", hash = "sha256:f9ea3f24eb4c49a615573724d88a48bd1b7821c890c2effe04f05382ed9e8810"},
    {file = "asyncpg-0.29.0-cp39-cp39-musllinux_1_1_x86_64.whl", hash = "sha256:8d36c7f14a22ec9e928f15f92a48207546ffe68bc412f3be718eedccdf10dc5c"},
    {file = "asyncpg-0.29.0-cp39-cp39-win32.whl", hash = "sha256:797ab8123ebaed304a1fad4d7576d5376c3a006a4100380fb9d517f0b59c1ab2"},
    {file = "asyncpg-0.29.0-cp39-cp39-win_amd64.whl", hash = "sha256:cce08a178858b426ae1aa8409b5cc171def45d4293626e7aa6510696d46decd8"},
    {file = "asyncpg-0.29.0.tar.gz", hash = "sha256:d1c49e1f44fffafd9a55e1a9b101590859d881d639ea2922516f5d9c512d354e"},
]

[package.dependencies]
async-timeout = {version = ">=4.0.3", markers = "python_version < \"3.12.0\""}

[package.extras]
docs = ["Sphinx (>=5.3.0,<5.4.0)", "sphinx-rtd-theme (>=1.2.2)", "sphinxcontrib-asyncio (>=0.3.0,<0.4.0)"]
test = ["flake8 (>=6.1,<7.0)", "uvloop (>=0.15.3)"]

[[package]]
name = "click"
version = "8.1.7"
description = "Composable command line interface toolkit"
optional = false
python-versions = ">=3.7"
files = [
    {file = "click-8.1.7-py3-none-any.whl", hash = "sha256:ae74fb96c20a0277a1d615f1e4d73c8414f5a98db8b799a7931d1582f3390c28"},
    {file = "click-8.1.7.tar.gz", hash = "sha256:ca9853ad459e787e2192211578cc907e7594e294c7ccc834310722b41b9ca6de"},
]

[package.dependencies]
colorama = {version = "*", markers = "platform_system == \"Windows\""}

[[package]]
name = "colorama"
version = "0.4.6"
description = "Cross-platform colored terminal text."
optional = false
python-versions = "!=3.0.*,!=3.1.*,!=3.2.*,!=3.3.*,!=3.4.*,!=3.5.*,!=3.6.*,>=2.7"
files = [
    {file = "colorama-0.4.6-py2.py3-none-any.whl", hash = "sha256:4f1d9991f5acc0ca119f9d443620b77f9d6b33703e51011c16baf57afb285fc6"},
    {file = "colorama-0.4.6.tar.gz", hash = "sha256:08695f5cb7ed6e0531a20572697297273c47b8cae5a63ffc6d6ed5c201be6e44"},
]

[[package]]
name = "markdown-it-py"
version = "3.0.0"
description = "Python port of markdown-it. Markdown parsing, done right!"
optional = false
python-versions = ">=3.8"
files = [
    {file = "markdown-it-py-3.0.0.tar.gz", hash = "sha256:e3f60a94fa066dc52ec76661e37c851cb232d92f9886b15cb560aaada2df8feb"},
    {file = "markdown_it_py-3.0.0-py3-none-any.whl", hash = "sha256:355216845c60bd96232cd8d8c40e8f9765cc86f46880e43a8fd22dc1a1a8cab1"},
]

[package.dependencies]
mdurl = ">=0.1,<1.0"

[package.extras]
benchmarking = ["psutil", "pytest", "pytest-benchmark"]
code-style = ["pre-commit (>=3.0,<4.0)"]
compare = ["commonmark (>=0.9,<1.0)", "markdown (>=3.4,<4.0)", "mistletoe (>=1.0,<2.0)", "mistune (>=2.0,<3.0)", "panflute (>=2.3,<3.0)"]
linkify = ["linkify-it-py (>=1,<3)"]
plugins = ["mdit-py-plugins"]
profiling = ["gprof2dot"]
rtd = ["jupyter_sphinx", "mdit-py-plugins", "myst-parser", "pyyaml", "sphinx", "sphinx-copybutton", "sphinx-design", "sphinx_book_theme"]
testing = ["coverage", "pytest", "pytest-cov", "pytest-regressions"]

[[package]]
name = "mdurl"
version = "0.1.2"
description = "Markdown URL utilities"
optional = false
python-versions = ">=3.7"
files = [
    {file = "mdurl-0.1.2-py3-none-any.whl", hash = "sha256:84008a41e51615a49fc9966191ff91509e3c40b939176e643fd50a5c2196b8f8"},
    {file = "mdurl-0.1.2.tar.gz", hash = "sha256:bb413d29f5eea38f31dd4754dd7377d4465116fb207585f97bf925588687c1ba"},
]

[[package]]
name = "nest-asyncio"
version = "1.6.0"
description = "Patch asyncio to allow nested event loops"
optional = false
python-versions = ">=3.5"
files = [
    {file = "nest_asyncio-1.6.0-py3-none-any.whl", hash = "sha256:87af6efd6b5e897c81050477ef65c62e2b2f35d51703cae01aff2905b1852e1c"},
    {file = "nest_asyncio-1.6.0.tar.gz", hash = "sha256:6f172d5449aca15afd6c646851f4e31e02c598d553a667e38cafa997cfec55fe"},
]

[[package]]
name = "pygments"
version = "2.17.2"
description = "Pygments is a syntax highlighting package written in Python."
optional = false
python-versions = ">=3.7"
files = [
    {file = "pygments-2.17.2-py3-none-any.whl", hash = "sha256:b27c2826c47d0f3219f29554824c30c5e8945175d888647acd804ddd04af846c"},
    {file = "pygments-2.17.2.tar.gz", hash = "sha256:da46cec9fd2de5be3a8a784f434e4c4ab670b4ff54d605c4c2717e9d49c4c367"},
]

[package.extras]
plugins = ["importlib-metadata"]
windows-terminal = ["colorama (>=0.4.6)"]

[[package]]
name = "rich"
version = "13.7.1"
description = "Render rich text, tables, progress bars, syntax highlighting, markdown and more to the terminal"
optional = false
python-versions = ">=3.7.0"
files = [
    {file = "rich-13.7.1-py3-none-any.whl", hash = "sha256:4edbae314f59eb482f54e9e30bf00d33350aaa94f4bfcd4e9e3110e64d0d7222"},
    {file = "rich-13.7.1.tar.gz", hash = "sha256:9be308cb1fe2f1f57d67ce99e95af38a1e2bc71ad9813b0e247cf7ffbcc3a432"},
]

[package.dependencies]
markdown-it-py = ">=2.2.0"
pygments = ">=2.13.0,<3.0.0"
typing-extensions = {version = ">=4.0.0,<5.0", markers = "python_version < \"3.9\""}

[package.extras]
jupyter = ["ipywidgets (>=7.5.1,<9)"]

[[package]]
name = "shellingham"
version = "1.5.4"
description = "Tool to Detect Surrounding Shell"
optional = false
python-versions = ">=3.7"
files = [
    {file = "shellingham-1.5.4-py2.py3-none-any.whl", hash = "sha256:7ecfff8f2fd72616f7481040475a65b2bf8af90a56c89140852d1120324e8686"},
    {file = "shellingham-1.5.4.tar.gz", hash = "sha256:8dbca0739d487e5bd35ab3ca4b36e11c4078f3a234bfce294b0a0291363404de"},
]

[[package]]
name = "typer"
version = "0.9.0"
description = "Typer, build great CLIs. Easy to code. Based on Python type hints."
optional = false
python-versions = ">=3.6"
files = [
    {file = "typer-0.9.0-py3-none-any.whl", hash = "sha256:5d96d986a21493606a358cae4461bd8cdf83cbf33a5aa950ae629ca3b51467ee"},
    {file = "typer-0.9.0.tar.gz", hash = "sha256:50922fd79aea2f4751a8e0408ff10d2662bd0c8bbfa84755a699f3bada2978b2"},
]

[package.dependencies]
click = ">=7.1.1,<9.0.0"
colorama = {version = ">=0.4.3,<0.5.0", optional = true, markers = "extra == \"all\""}
rich = {version = ">=10.11.0,<14.0.0", optional = true, markers = "extra == \"all\""}
shellingham = {version = ">=1.3.0,<2.0.0", optional = true, markers = "extra == \"all\""}
typing-extensions = ">=3.7.4.3"

[package.extras]
all = ["colorama (>=0.4.3,<0.5.0)", "rich (>=10.11.0,<14.0.0)", "shellingham (>=1.3.0,<2.0.0)"]
dev = ["autoflake (>=1.3.1,<2.0.0)", "flake8 (>=3.8.3,<4.0.0)", "pre-commit (>=2.17.0,<3.0.0)"]
doc = ["cairosvg (>=2.5.2,<3.0.0)", "mdx-include (>=1.4.1,<2.0.0)", "mkdocs (>=1.1.2,<2.0.0)", "mkdocs-material (>=8.1.4,<9.0.0)", "pillow (>=9.3.0,<10.0.0)"]
test = ["black (>=22.3.0,<23.0.0)", "coverage (>=6.2,<7.0)", "isort (>=5.0.6,<6.0.0)", "mypy (==0.910)", "pytest (>=4.4.0,<8.0.0)", "pytest-cov (>=2.10.0,<5.0.0)", "pytest-sugar (>=0.9.4,<0.10.0)", "pytest-xdist (>=1.32.0,<4.0.0)", "rich (>=10.11.0,<14.0.0)", "shellingham (>=1.3.0,<2.0.0)"]

[[package]]
name = "typing-extensions"
version = "4.10.0"
description = "Backported and Experimental Type Hints for Python 3.8+"
optional = false
python-versions = ">=3.8"
files = [
    {file = "typing_extensions-4.10.0-py3-none-any.whl", hash = "sha256:69b1a937c3a517342112fb4c6df7e72fc39a38e7891a5730ed4985b5214b5475"},
    {file = "typing_extensions-4.10.0.tar.gz", hash = "sha256:b0abd7c89e8fb96f98db18d86106ff1d90ab692004eb746cf6eda2682f91b3cb"},
]

[metadata]
lock-version = "2.0"
python-versions = "^3.8"
content-hash = "06b8154e01e38d186e9a3757eedfc00de8d36fa638427e5ad883af9de50d714a"
