# This file is automatically @generated by Poetry 1.7.1 and should not be changed by hand.

[[package]]
name = "aioprocessing"
version = "2.0.1"
description = "A Python 3.5+ library that integrates the multiprocessing module with asyncio."
optional = false
python-versions = ">=3.5"
files = [
    {file = "aioprocessing-2.0.1-py3-none-any.whl", hash = "sha256:8fcac4b0108b72eb9df76e06a9d7e05720ee1e8330829d3fd53fa059879be586"},
    {file = "aioprocessing-2.0.1.tar.gz", hash = "sha256:fe01c7b1a38c78168611d3040e73d93036c3b7c8a649d636dc9ed7a3bc9b1ba2"},
]

[package.extras]
dill = ["multiprocess"]

[[package]]
name = "asyncpg"
version = "0.26.0"
description = "An asyncio PostgreSQL driver"
optional = false
python-versions = ">=3.6.0"
files = [
    {file = "asyncpg-0.26.0-cp310-cp310-macosx_10_9_x86_64.whl", hash = "sha256:2ed3880b3aec8bda90548218fe0914d251d641f798382eda39a17abfc4910af0"},
    {file = "asyncpg-0.26.0-cp310-cp310-manylinux_2_17_x86_64.manylinux2014_x86_64.whl", hash = "sha256:e5bd99ee7a00e87df97b804f178f31086e88c8106aca9703b1d7be5078999e68"},
    {file = "asyncpg-0.26.0-cp310-cp310-musllinux_1_1_x86_64.whl", hash = "sha256:868a71704262834065ca7113d80b1f679609e2df77d837747e3d92150dd5a39b"},
    {file = "asyncpg-0.26.0-cp310-cp310-win32.whl", hash = "sha256:838e4acd72da370ad07243898e886e93d3c0c9413f4444d600ba60a5cc206014"},
    {file = "asyncpg-0.26.0-cp310-cp310-win_amd64.whl", hash = "sha256:a254d09a3a989cc1839ba2c34448b879cdd017b528a0cda142c92fbb6c13d957"},
    {file = "asyncpg-0.26.0-cp36-cp36m-macosx_10_9_x86_64.whl", hash = "sha256:3ecbe8ed3af4c739addbfbd78f7752866cce2c4e9cc3f953556e4960349ae360"},
    {file = "asyncpg-0.26.0-cp36-cp36m-manylinux_2_17_x86_64.manylinux2014_x86_64.whl", hash = "sha256:f3ce7d8c0ab4639bbf872439eba86ef62dd030b245ad0e17c8c675d93d7a6b2d"},
    {file = "asyncpg-0.26.0-cp36-cp36m-musllinux_1_1_x86_64.whl", hash = "sha256:7129bd809990fd119e8b2b9982e80be7712bb6041cd082be3e415e60e5e2e98f"},
    {file = "asyncpg-0.26.0-cp36-cp36m-win32.whl", hash = "sha256:03f44926fa7ff7ccd59e98f05c7e227e9de15332a7da5bbcef3654bf468ee597"},
    {file = "asyncpg-0.26.0-cp36-cp36m-win_amd64.whl", hash = "sha256:b1f7b173af649b85126429e11a628d01a5b75973d2a55d64dba19ad8f0e9f904"},
    {file = "asyncpg-0.26.0-cp37-cp37m-macosx_10_9_x86_64.whl", hash = "sha256:efe056fd22fc6ed5c1ab353b6510808409566daac4e6f105e2043797f17b8dad"},
    {file = "asyncpg-0.26.0-cp37-cp37m-manylinux_2_17_x86_64.manylinux2014_x86_64.whl", hash = "sha256:d96cf93e01df9fb03cef5f62346587805e6c0ca6f654c23b8d35315bdc69af59"},
    {file = "asyncpg-0.26.0-cp37-cp37m-musllinux_1_1_x86_64.whl", hash = "sha256:235205b60d4d014921f7b1cdca0e19669a9a8978f7606b3eb8237ca95f8e716e"},
    {file = "asyncpg-0.26.0-cp37-cp37m-win32.whl", hash = "sha256:0de408626cfc811ef04f372debfcdd5e4ab5aeb358f2ff14d1bdc246ed6272b5"},
    {file = "asyncpg-0.26.0-cp37-cp37m-win_amd64.whl", hash = "sha256:f92d501bf213b16fabad4fbb0061398d2bceae30ddc228e7314c28dcc6641b79"},
    {file = "asyncpg-0.26.0-cp38-cp38-macosx_10_9_x86_64.whl", hash = "sha256:9acb22a7b6bcca0d80982dce3d67f267d43e960544fb5dd934fd3abe20c48014"},
    {file = "asyncpg-0.26.0-cp38-cp38-manylinux_2_17_x86_64.manylinux2014_x86_64.whl", hash = "sha256:e550d8185f2c4725c1e8d3c555fe668b41bd092143012ddcc5343889e1c2a13d"},
    {file = "asyncpg-0.26.0-cp38-cp38-musllinux_1_1_x86_64.whl", hash = "sha256:050e339694f8c5d9aebcf326ca26f6622ef23963a6a3a4f97aeefc743954afd5"},
    {file = "asyncpg-0.26.0-cp38-cp38-win32.whl", hash = "sha256:b0c3f39ebfac06848ba3f1e280cb1fada7cc1229538e3dad3146e8d1f9deb92a"},
    {file = "asyncpg-0.26.0-cp38-cp38-win_amd64.whl", hash = "sha256:49fc7220334cc31d14866a0b77a575d6a5945c0fa3bb67f17304e8b838e2a02b"},
    {file = "asyncpg-0.26.0-cp39-cp39-macosx_10_9_x86_64.whl", hash = "sha256:d156e53b329e187e2dbfca8c28c999210045c45ef22a200b50de9b9e520c2694"},
    {file = "asyncpg-0.26.0-cp39-cp39-manylinux_2_17_x86_64.manylinux2014_x86_64.whl", hash = "sha256:4b4051012ca75defa9a1dc6b78185ca58cdc3a247187eb76a6bcf55dfaa2fad4"},
    {file = "asyncpg-0.26.0-cp39-cp39-musllinux_1_1_x86_64.whl", hash = "sha256:6d60f15a0ac18c54a6ca6507c28599c06e2e87a0901e7b548f15243d71905b18"},
    {file = "asyncpg-0.26.0-cp39-cp39-win32.whl", hash = "sha256:ede1a3a2c377fe12a3930f4b4dd5340e8b32929541d5db027a21816852723438"},
    {file = "asyncpg-0.26.0-cp39-cp39-win_amd64.whl", hash = "sha256:8e1e79f0253cbd51fc43c4d0ce8804e46ee71f6c173fdc75606662ad18756b52"},
    {file = "asyncpg-0.26.0.tar.gz", hash = "sha256:77e684a24fee17ba3e487ca982d0259ed17bae1af68006f4cf284b23ba20ea2c"},
]

[package.extras]
dev = ["Cython (>=0.29.24,<0.30.0)", "Sphinx (>=4.1.2,<4.2.0)", "flake8 (>=3.9.2,<3.10.0)", "pycodestyle (>=2.7.0,<2.8.0)", "pytest (>=6.0)", "sphinx-rtd-theme (>=0.5.2,<0.6.0)", "sphinxcontrib-asyncio (>=0.3.0,<0.4.0)", "uvloop (>=0.15.3)"]
docs = ["Sphinx (>=4.1.2,<4.2.0)", "sphinx-rtd-theme (>=0.5.2,<0.6.0)", "sphinxcontrib-asyncio (>=0.3.0,<0.4.0)"]
test = ["flake8 (>=3.9.2,<3.10.0)", "pycodestyle (>=2.7.0,<2.8.0)", "uvloop (>=0.15.3)"]

[[package]]
name = "nest-asyncio"
version = "1.5.6"
description = "Patch asyncio to allow nested event loops"
optional = false
python-versions = ">=3.5"
files = [
    {file = "nest_asyncio-1.5.6-py3-none-any.whl", hash = "sha256:b9a953fb40dceaa587d109609098db21900182b16440652454a146cffb06e8b8"},
    {file = "nest_asyncio-1.5.6.tar.gz", hash = "sha256:d267cc1ff794403f7df692964d1d2a3fa9418ffea2a3f6859a439ff482fef290"},
]

[metadata]
lock-version = "2.0"
python-versions = "^3.8"
content-hash = "64515b352d3a8bad6f3d8de51d1e701054656e0140b6b48487aa5a9cfed0df6e"
